
Microsoft Visual Studio Solution File, Format Version 12.00
# Visual Studio Version 17
VisualStudioVersion = 17.5.002.0
MinimumVisualStudioVersion = 10.0.40219.1
Project("{9A19103F-16F7-4668-BE54-9A1E7A4F7556}") = "vaibhav", "vaibhav.csproj", "{7BD5C26A-A4D8-49ED-A815-B052DC8F062A}"
EndProject
Global
	GlobalSection(SolutionConfigurationPlatforms) = preSolution
		Debug|Any CPU = Debug|Any CPU
		Release|Any CPU = Release|Any CPU
	EndGlobalSection
	GlobalSection(ProjectConfigurationPlatforms) = postSolution
		{7BD5C26A-A4D8-49ED-A815-B052DC8F062A}.Debug|Any CPU.ActiveCfg = Debug|Any CPU
		{7BD5C26A-A4D8-49ED-A815-B052DC8F062A}.Debug|Any CPU.Build.0 = Debug|Any CPU
		{7BD5C26A-A4D8-49ED-A815-B052DC8F062A}.Release|Any CPU.ActiveCfg = Release|Any CPU
		{7BD5C26A-A4D8-49ED-A815-B052DC8F062A}.Release|Any CPU.Build.0 = Release|Any CPU
	EndGlobalSection
	GlobalSection(SolutionProperties) = preSolution
		HideSolutionNode = FALSE
	EndGlobalSection
	GlobalSection(ExtensibilityGlobals) = postSolution
		SolutionGuid = {FF4A649F-8C4A-4A0C-9831-D269C64576CC}
	EndGlobalSection
EndGlobal
