
Microsoft Visual Studio Solution File, Format Version 12.00
# Visual Studio Version 17
VisualStudioVersion = 17.9.34728.123
MinimumVisualStudioVersion = 10.0.40219.1
Project("{FAE04EC0-301F-11D3-BF4B-00C04F79EFBC}") = "SchoolManagementSystem", "SchoolManagementSystem\SchoolManagementSystem.csproj", "{88405304-F44A-4573-8DB3-D809C618D4D8}"
EndProject
Global
	GlobalSection(SolutionConfigurationPlatforms) = preSolution
		Debug|Any CPU = Debug|Any CPU
		Release|Any CPU = Release|Any CPU
	EndGlobalSection
	GlobalSection(ProjectConfigurationPlatforms) = postSolution
		{88405304-F44A-4573-8DB3-D809C618D4D8}.Debug|Any CPU.ActiveCfg = Debug|Any CPU
		{88405304-F44A-4573-8DB3-D809C618D4D8}.Debug|Any CPU.Build.0 = Debug|Any CPU
		{88405304-F44A-4573-8DB3-D809C618D4D8}.Release|Any CPU.ActiveCfg = Release|Any CPU
		{88405304-F44A-4573-8DB3-D809C618D4D8}.Release|Any CPU.Build.0 = Release|Any CPU
	EndGlobalSection
	GlobalSection(SolutionProperties) = preSolution
		HideSolutionNode = FALSE
	EndGlobalSection
	GlobalSection(ExtensibilityGlobals) = postSolution
		SolutionGuid = {F7135033-A337-4AF0-A579-F7009CCD2E23}
	EndGlobalSection
EndGlobal
