
Microsoft Visual Studio Solution File, Format Version 12.00
# Visual Studio Version 17
VisualStudioVersion = 17.9.34728.123
MinimumVisualStudioVersion = 10.0.40219.1
Project("{FAE04EC0-301F-11D3-BF4B-00C04F79EFBC}") = "BankingDelegationApp", "BankingDelegationApp\BankingDelegationApp.csproj", "{714F9EAC-D5C4-49B2-BD68-B59BD755BF97}"
EndProject
Global
	GlobalSection(SolutionConfigurationPlatforms) = preSolution
		Debug|Any CPU = Debug|Any CPU
		Release|Any CPU = Release|Any CPU
	EndGlobalSection
	GlobalSection(ProjectConfigurationPlatforms) = postSolution
		{714F9EAC-D5C4-49B2-BD68-B59BD755BF97}.Debug|Any CPU.ActiveCfg = Debug|Any CPU
		{714F9EAC-D5C4-49B2-BD68-B59BD755BF97}.Debug|Any CPU.Build.0 = Debug|Any CPU
		{714F9EAC-D5C4-49B2-BD68-B59BD755BF97}.Release|Any CPU.ActiveCfg = Release|Any CPU
		{714F9EAC-D5C4-49B2-BD68-B59BD755BF97}.Release|Any CPU.Build.0 = Release|Any CPU
	EndGlobalSection
	GlobalSection(SolutionProperties) = preSolution
		HideSolutionNode = FALSE
	EndGlobalSection
	GlobalSection(ExtensibilityGlobals) = postSolution
		SolutionGuid = {EDC3669E-3DF8-4473-8A6E-9BF8FF87FC4A}
	EndGlobalSection
EndGlobal
